
Microsoft Visual Studio Solution File, Format Version 12.00
# Visual Studio Version 16
VisualStudioVersion = 16.0.31205.134
MinimumVisualStudioVersion = 10.0.40219.1
Project("{FAE04EC0-301F-11D3-BF4B-00C04F79EFBC}") = "EscolaHerança", "EscolaHerança\EscolaHerança.csproj", "{536176A4-4A6A-4900-9A3F-AF4B65FE207E}"
EndProject
Global
	GlobalSection(SolutionConfigurationPlatforms) = preSolution
		Debug|Any CPU = Debug|Any CPU
		Release|Any CPU = Release|Any CPU
	EndGlobalSection
	GlobalSection(ProjectConfigurationPlatforms) = postSolution
		{536176A4-4A6A-4900-9A3F-AF4B65FE207E}.Debug|Any CPU.ActiveCfg = Debug|Any CPU
		{536176A4-4A6A-4900-9A3F-AF4B65FE207E}.Debug|Any CPU.Build.0 = Debug|Any CPU
		{536176A4-4A6A-4900-9A3F-AF4B65FE207E}.Release|Any CPU.ActiveCfg = Release|Any CPU
		{536176A4-4A6A-4900-9A3F-AF4B65FE207E}.Release|Any CPU.Build.0 = Release|Any CPU
	EndGlobalSection
	GlobalSection(SolutionProperties) = preSolution
		HideSolutionNode = FALSE
	EndGlobalSection
	GlobalSection(ExtensibilityGlobals) = postSolution
		SolutionGuid = {EE6A31D4-1C12-4A2C-8E44-4E2EC6C634C7}
	EndGlobalSection
EndGlobal
